
Microsoft Visual Studio Solution File, Format Version 12.00
Project("{FAE04EC0-301F-11D3-BF4B-00C04F79EFBC}") = "Withly.API", "Withly.API\Withly.API.csproj", "{2B6FC897-7A2F-4A1D-806D-D6F9DCD57A98}"
EndProject
Project("{FAE04EC0-301F-11D3-BF4B-00C04F79EFBC}") = "Withly.Persistence", "Withly.Persistence\Withly.Persistence.csproj", "{B328E0CF-F90B-4D05-99B7-E2A41D5B4F47}"
EndProject
Project("{FAE04EC0-301F-11D3-BF4B-00C04F79EFBC}") = "Withly.Application", "Withly.Application\Withly.Application.csproj", "{9F3CAD0D-5DEA-4DE5-A578-DE653FE40A7B}"
EndProject
Project("{FAE04EC0-301F-11D3-BF4B-00C04F79EFBC}") = "Withly.Infrastructure", "Withly.Infrastructure\Withly.Infrastructure.csproj", "{7F403079-96B1-4A53-B0A7-6A646DFA2FA4}"
EndProject
Project("{FAE04EC0-301F-11D3-BF4B-00C04F79EFBC}") = "Withly.Infrastructure.Models", "Withly.Infrastructure.Models\Withly.Infrastructure.Models.csproj", "{5977B039-6C36-46D9-B625-C06E32EE6ECE}"
EndProject
Project("{2150E333-8FDC-42A3-9474-1A3956D46DE8}") = "API", "API", "{E300747B-796C-457E-87BE-B9AB6174CFA6}"
EndProject
Project("{2150E333-8FDC-42A3-9474-1A3956D46DE8}") = "Application", "Application", "{8C56A9BD-FCDE-4437-89EE-0C5C281DC9EE}"
EndProject
Project("{2150E333-8FDC-42A3-9474-1A3956D46DE8}") = "Infrastructure", "Infrastructure", "{AE649FD5-131E-4E59-96F2-0F5BABEB7859}"
EndProject
Project("{2150E333-8FDC-42A3-9474-1A3956D46DE8}") = "Persistence", "Persistence", "{3DBC658A-DC03-464E-948D-909E1490D46E}"
EndProject
Project("{2150E333-8FDC-42A3-9474-1A3956D46DE8}") = "Domain", "Domain", "{4B6C2EF0-D495-4B5B-A23A-DBF4FB13F197}"
EndProject
Project("{FAE04EC0-301F-11D3-BF4B-00C04F79EFBC}") = "Withly.Domain", "Withly.Domain\Withly.Domain.csproj", "{787E5D52-7768-4781-9584-E708CAD0429E}"
EndProject
Global
	GlobalSection(SolutionConfigurationPlatforms) = preSolution
		Debug|Any CPU = Debug|Any CPU
		Release|Any CPU = Release|Any CPU
	EndGlobalSection
	GlobalSection(ProjectConfigurationPlatforms) = postSolution
		{2B6FC897-7A2F-4A1D-806D-D6F9DCD57A98}.Debug|Any CPU.ActiveCfg = Debug|Any CPU
		{2B6FC897-7A2F-4A1D-806D-D6F9DCD57A98}.Debug|Any CPU.Build.0 = Debug|Any CPU
		{2B6FC897-7A2F-4A1D-806D-D6F9DCD57A98}.Release|Any CPU.ActiveCfg = Release|Any CPU
		{2B6FC897-7A2F-4A1D-806D-D6F9DCD57A98}.Release|Any CPU.Build.0 = Release|Any CPU
		{B328E0CF-F90B-4D05-99B7-E2A41D5B4F47}.Debug|Any CPU.ActiveCfg = Debug|Any CPU
		{B328E0CF-F90B-4D05-99B7-E2A41D5B4F47}.Debug|Any CPU.Build.0 = Debug|Any CPU
		{B328E0CF-F90B-4D05-99B7-E2A41D5B4F47}.Release|Any CPU.ActiveCfg = Release|Any CPU
		{B328E0CF-F90B-4D05-99B7-E2A41D5B4F47}.Release|Any CPU.Build.0 = Release|Any CPU
		{9F3CAD0D-5DEA-4DE5-A578-DE653FE40A7B}.Debug|Any CPU.ActiveCfg = Debug|Any CPU
		{9F3CAD0D-5DEA-4DE5-A578-DE653FE40A7B}.Debug|Any CPU.Build.0 = Debug|Any CPU
		{9F3CAD0D-5DEA-4DE5-A578-DE653FE40A7B}.Release|Any CPU.ActiveCfg = Release|Any CPU
		{9F3CAD0D-5DEA-4DE5-A578-DE653FE40A7B}.Release|Any CPU.Build.0 = Release|Any CPU
		{7F403079-96B1-4A53-B0A7-6A646DFA2FA4}.Debug|Any CPU.ActiveCfg = Debug|Any CPU
		{7F403079-96B1-4A53-B0A7-6A646DFA2FA4}.Debug|Any CPU.Build.0 = Debug|Any CPU
		{7F403079-96B1-4A53-B0A7-6A646DFA2FA4}.Release|Any CPU.ActiveCfg = Release|Any CPU
		{7F403079-96B1-4A53-B0A7-6A646DFA2FA4}.Release|Any CPU.Build.0 = Release|Any CPU
		{5977B039-6C36-46D9-B625-C06E32EE6ECE}.Debug|Any CPU.ActiveCfg = Debug|Any CPU
		{5977B039-6C36-46D9-B625-C06E32EE6ECE}.Debug|Any CPU.Build.0 = Debug|Any CPU
		{5977B039-6C36-46D9-B625-C06E32EE6ECE}.Release|Any CPU.ActiveCfg = Release|Any CPU
		{5977B039-6C36-46D9-B625-C06E32EE6ECE}.Release|Any CPU.Build.0 = Release|Any CPU
		{787E5D52-7768-4781-9584-E708CAD0429E}.Debug|Any CPU.ActiveCfg = Debug|Any CPU
		{787E5D52-7768-4781-9584-E708CAD0429E}.Debug|Any CPU.Build.0 = Debug|Any CPU
		{787E5D52-7768-4781-9584-E708CAD0429E}.Release|Any CPU.ActiveCfg = Release|Any CPU
		{787E5D52-7768-4781-9584-E708CAD0429E}.Release|Any CPU.Build.0 = Release|Any CPU
	EndGlobalSection
	GlobalSection(NestedProjects) = preSolution
		{2B6FC897-7A2F-4A1D-806D-D6F9DCD57A98} = {E300747B-796C-457E-87BE-B9AB6174CFA6}
		{9F3CAD0D-5DEA-4DE5-A578-DE653FE40A7B} = {8C56A9BD-FCDE-4437-89EE-0C5C281DC9EE}
		{7F403079-96B1-4A53-B0A7-6A646DFA2FA4} = {AE649FD5-131E-4E59-96F2-0F5BABEB7859}
		{5977B039-6C36-46D9-B625-C06E32EE6ECE} = {AE649FD5-131E-4E59-96F2-0F5BABEB7859}
		{B328E0CF-F90B-4D05-99B7-E2A41D5B4F47} = {3DBC658A-DC03-464E-948D-909E1490D46E}
		{787E5D52-7768-4781-9584-E708CAD0429E} = {4B6C2EF0-D495-4B5B-A23A-DBF4FB13F197}
	EndGlobalSection
EndGlobal
